Microsoft Visual Studio Solution File, Format Version 12.00
# Visual Studio Version 17
VisualStudioVersion = 17.5.2.0
MinimumVisualStudioVersion = 10.0.40219.1
Project("{FAE04EC0-301F-11D3-BF4B-00C04F79EFBC}") = "betaclient", "betaclient.csproj", "{D65A4610-731C-5CB1-1D6D-9D5C41F95A9F}"
EndProject
Global
	GlobalSection(SolutionConfigurationPlatforms) = preSolution
		Debug|Any CPU = Debug|Any CPU
		Release|Any CPU = Release|Any CPU
	EndGlobalSection
	GlobalSection(ProjectConfigurationPlatforms) = postSolution
		{D65A4610-731C-5CB1-1D6D-9D5C41F95A9F}.Debug|Any CPU.ActiveCfg = Debug|Any CPU
		{D65A4610-731C-5CB1-1D6D-9D5C41F95A9F}.Debug|Any CPU.Build.0 = Debug|Any CPU
		{D65A4610-731C-5CB1-1D6D-9D5C41F95A9F}.Release|Any CPU.ActiveCfg = Release|Any CPU
		{D65A4610-731C-5CB1-1D6D-9D5C41F95A9F}.Release|Any CPU.Build.0 = Release|Any CPU
	EndGlobalSection
	GlobalSection(SolutionProperties) = preSolution
		HideSolutionNode = FALSE
	EndGlobalSection
	GlobalSection(ExtensibilityGlobals) = postSolution
		SolutionGuid = {2DC20861-3613-4577-A1B9-3F8A0C648F55}
	EndGlobalSection
EndGlobal
